
Microsoft Visual Studio Solution File, Format Version 12.00
# Visual Studio Version 16
VisualStudioVersion = 16.0.31129.286
MinimumVisualStudioVersion = 10.0.40219.1
Project("{FAE04EC0-301F-11D3-BF4B-00C04F79EFBC}") = "MyWorkerService", "MyWorkerService\MyWorkerService.csproj", "{A25888D9-576C-4E55-B1E4-3D51E927D017}"
EndProject
Global
	GlobalSection(SolutionConfigurationPlatforms) = preSolution
		Debug|Any CPU = Debug|Any CPU
		Release|Any CPU = Release|Any CPU
	EndGlobalSection
	GlobalSection(ProjectConfigurationPlatforms) = postSolution
		{A25888D9-576C-4E55-B1E4-3D51E927D017}.Debug|Any CPU.ActiveCfg = Debug|Any CPU
		{A25888D9-576C-4E55-B1E4-3D51E927D017}.Debug|Any CPU.Build.0 = Debug|Any CPU
		{A25888D9-576C-4E55-B1E4-3D51E927D017}.Release|Any CPU.ActiveCfg = Release|Any CPU
		{A25888D9-576C-4E55-B1E4-3D51E927D017}.Release|Any CPU.Build.0 = Release|Any CPU
	EndGlobalSection
	GlobalSection(SolutionProperties) = preSolution
		HideSolutionNode = FALSE
	EndGlobalSection
	GlobalSection(ExtensibilityGlobals) = postSolution
		SolutionGuid = {611C16AD-D5CE-4E3A-A7B4-3E76E8630573}
	EndGlobalSection
EndGlobal
